
Microsoft Visual Studio Solution File, Format Version 12.00
# Visual Studio Version 17
VisualStudioVersion = 17.5.33502.453
MinimumVisualStudioVersion = 10.0.40219.1
Project("{9A19103F-16F7-4668-BE54-9A1E7A4F7556}") = "CuttingOptimizer.Api", "CuttingOptimizer.Api\CuttingOptimizer.Api.csproj", "{2D688B58-B5FC-4616-94E6-FE6B2B59A135}"
EndProject
Project("{9A19103F-16F7-4668-BE54-9A1E7A4F7556}") = "CuttingOptimizer.AppLogic", "CuttingOptimizer.AppLogic\CuttingOptimizer.AppLogic.csproj", "{6B32E797-D24E-4B2D-9BBC-46C8C3D52354}"
EndProject
Project("{9A19103F-16F7-4668-BE54-9A1E7A4F7556}") = "CuttingOptimizer.Domain", "CuttingOptimizer.Domain\CuttingOptimizer.Domain.csproj", "{93FA74A3-5988-495C-B391-B88C236D1F4B}"
EndProject
Project("{9A19103F-16F7-4668-BE54-9A1E7A4F7556}") = "CuttingOptimizer.Infrastructure", "CuttingOptimizer.Infrastructure\CuttingOptimizer.Infrastructure.csproj", "{8A1A76FB-A0AD-4FE4-A56E-0A43146BCEDB}"
EndProject
Project("{9A19103F-16F7-4668-BE54-9A1E7A4F7556}") = "CuttingOptimizer.Web", "CuttingOptimizer.Web\CuttingOptimizer.Web.csproj", "{D238B8A9-B16F-46F9-ABEF-70A232181D47}"
EndProject
Project("{9A19103F-16F7-4668-BE54-9A1E7A4F7556}") = "CuttingOptimizer.Api.Tests", "CuttingOptimizer.Api.Tests\CuttingOptimizer.Api.Tests.csproj", "{D08C88CE-A4B4-4E3C-AF8F-2EE485A662E8}"
EndProject
Project("{9A19103F-16F7-4668-BE54-9A1E7A4F7556}") = "CuttingOptimizer.Domain.Tests", "CuttingOptimizer.Domain.Tests\CuttingOptimizer.Domain.Tests.csproj", "{2CC4A802-1391-4198-8B1A-8924EC0086FF}"
EndProject
Project("{9A19103F-16F7-4668-BE54-9A1E7A4F7556}") = "CuttingOptimizer.AppLogic.Tests", "CuttingOptimizer.AppLogic.Tests\CuttingOptimizer.AppLogic.Tests.csproj", "{62456C17-885D-41C5-AFA0-320B4FD4A171}"
EndProject
Project("{9A19103F-16F7-4668-BE54-9A1E7A4F7556}") = "CuttingOptimizer.Infrastructure.Tests", "CuttingOptimizer.Infrastructure.Tests\CuttingOptimizer.Infrastructure.Tests.csproj", "{B98B5A47-2073-4B01-9A81-8D2E83220609}"
EndProject
Project("{9A19103F-16F7-4668-BE54-9A1E7A4F7556}") = "CuttingOptimizer.Web.Tests", "CuttingOptimizer.Web.Tests\CuttingOptimizer.Web.Tests.csproj", "{CB260C6A-48F1-4F29-BF3B-6A81831ACC80}"
EndProject
Project("{9A19103F-16F7-4668-BE54-9A1E7A4F7556}") = "CuttingOptimizer.WPF", "CuttingOptimizer.WPF\CuttingOptimizer.WPF.csproj", "{F5EAAB8E-50EA-4A14-9F3B-8BF077C6DD15}"
EndProject
Project("{FAE04EC0-301F-11D3-BF4B-00C04F79EFBC}") = "CuttingOptimizer.Blazor", "CuttingOptimizer.Blazor\CuttingOptimizer.Blazor.csproj", "{24553390-1404-46D7-8034-8E3C04DA91B7}"
EndProject
Project("{2150E333-8FDC-42A3-9474-1A3956D46DE8}") = "Clients", "Clients", "{9C88FE13-C27A-4548-8C7A-832D17D53BC5}"
EndProject
Project("{2150E333-8FDC-42A3-9474-1A3956D46DE8}") = "Api", "Api", "{F8D4AC49-8594-43C8-B651-F4D8AFBC0269}"
EndProject
Project("{2150E333-8FDC-42A3-9474-1A3956D46DE8}") = "Backend", "Backend", "{7F6151DF-6926-48CE-A76E-96B7B4698174}"
EndProject
Global
	GlobalSection(SolutionConfigurationPlatforms) = preSolution
		Debug|Any CPU = Debug|Any CPU
		Release|Any CPU = Release|Any CPU
	EndGlobalSection
	GlobalSection(ProjectConfigurationPlatforms) = postSolution
		{2D688B58-B5FC-4616-94E6-FE6B2B59A135}.Debug|Any CPU.ActiveCfg = Debug|Any CPU
		{2D688B58-B5FC-4616-94E6-FE6B2B59A135}.Debug|Any CPU.Build.0 = Debug|Any CPU
		{2D688B58-B5FC-4616-94E6-FE6B2B59A135}.Release|Any CPU.ActiveCfg = Release|Any CPU
		{2D688B58-B5FC-4616-94E6-FE6B2B59A135}.Release|Any CPU.Build.0 = Release|Any CPU
		{6B32E797-D24E-4B2D-9BBC-46C8C3D52354}.Debug|Any CPU.ActiveCfg = Debug|Any CPU
		{6B32E797-D24E-4B2D-9BBC-46C8C3D52354}.Debug|Any CPU.Build.0 = Debug|Any CPU
		{6B32E797-D24E-4B2D-9BBC-46C8C3D52354}.Release|Any CPU.ActiveCfg = Release|Any CPU
		{6B32E797-D24E-4B2D-9BBC-46C8C3D52354}.Release|Any CPU.Build.0 = Release|Any CPU
		{93FA74A3-5988-495C-B391-B88C236D1F4B}.Debug|Any CPU.ActiveCfg = Debug|Any CPU
		{93FA74A3-5988-495C-B391-B88C236D1F4B}.Debug|Any CPU.Build.0 = Debug|Any CPU
		{93FA74A3-5988-495C-B391-B88C236D1F4B}.Release|Any CPU.ActiveCfg = Release|Any CPU
		{93FA74A3-5988-495C-B391-B88C236D1F4B}.Release|Any CPU.Build.0 = Release|Any CPU
		{8A1A76FB-A0AD-4FE4-A56E-0A43146BCEDB}.Debug|Any CPU.ActiveCfg = Debug|Any CPU
		{8A1A76FB-A0AD-4FE4-A56E-0A43146BCEDB}.Debug|Any CPU.Build.0 = Debug|Any CPU
		{8A1A76FB-A0AD-4FE4-A56E-0A43146BCEDB}.Release|Any CPU.ActiveCfg = Release|Any CPU
		{8A1A76FB-A0AD-4FE4-A56E-0A43146BCEDB}.Release|Any CPU.Build.0 = Release|Any CPU
		{D238B8A9-B16F-46F9-ABEF-70A232181D47}.Debug|Any CPU.ActiveCfg = Debug|Any CPU
		{D238B8A9-B16F-46F9-ABEF-70A232181D47}.Debug|Any CPU.Build.0 = Debug|Any CPU
		{D238B8A9-B16F-46F9-ABEF-70A232181D47}.Release|Any CPU.ActiveCfg = Release|Any CPU
		{D238B8A9-B16F-46F9-ABEF-70A232181D47}.Release|Any CPU.Build.0 = Release|Any CPU
		{D08C88CE-A4B4-4E3C-AF8F-2EE485A662E8}.Debug|Any CPU.ActiveCfg = Debug|Any CPU
		{D08C88CE-A4B4-4E3C-AF8F-2EE485A662E8}.Debug|Any CPU.Build.0 = Debug|Any CPU
		{D08C88CE-A4B4-4E3C-AF8F-2EE485A662E8}.Release|Any CPU.ActiveCfg = Release|Any CPU
		{D08C88CE-A4B4-4E3C-AF8F-2EE485A662E8}.Release|Any CPU.Build.0 = Release|Any CPU
		{2CC4A802-1391-4198-8B1A-8924EC0086FF}.Debug|Any CPU.ActiveCfg = Debug|Any CPU
		{2CC4A802-1391-4198-8B1A-8924EC0086FF}.Debug|Any CPU.Build.0 = Debug|Any CPU
		{2CC4A802-1391-4198-8B1A-8924EC0086FF}.Release|Any CPU.ActiveCfg = Release|Any CPU
		{2CC4A802-1391-4198-8B1A-8924EC0086FF}.Release|Any CPU.Build.0 = Release|Any CPU
		{62456C17-885D-41C5-AFA0-320B4FD4A171}.Debug|Any CPU.ActiveCfg = Debug|Any CPU
		{62456C17-885D-41C5-AFA0-320B4FD4A171}.Debug|Any CPU.Build.0 = Debug|Any CPU
		{62456C17-885D-41C5-AFA0-320B4FD4A171}.Release|Any CPU.ActiveCfg = Release|Any CPU
		{62456C17-885D-41C5-AFA0-320B4FD4A171}.Release|Any CPU.Build.0 = Release|Any CPU
		{B98B5A47-2073-4B01-9A81-8D2E83220609}.Debug|Any CPU.ActiveCfg = Debug|Any CPU
		{B98B5A47-2073-4B01-9A81-8D2E83220609}.Debug|Any CPU.Build.0 = Debug|Any CPU
		{B98B5A47-2073-4B01-9A81-8D2E83220609}.Release|Any CPU.ActiveCfg = Release|Any CPU
		{B98B5A47-2073-4B01-9A81-8D2E83220609}.Release|Any CPU.Build.0 = Release|Any CPU
		{CB260C6A-48F1-4F29-BF3B-6A81831ACC80}.Debug|Any CPU.ActiveCfg = Debug|Any CPU
		{CB260C6A-48F1-4F29-BF3B-6A81831ACC80}.Debug|Any CPU.Build.0 = Debug|Any CPU
		{CB260C6A-48F1-4F29-BF3B-6A81831ACC80}.Release|Any CPU.ActiveCfg = Release|Any CPU
		{CB260C6A-48F1-4F29-BF3B-6A81831ACC80}.Release|Any CPU.Build.0 = Release|Any CPU
		{F5EAAB8E-50EA-4A14-9F3B-8BF077C6DD15}.Debug|Any CPU.ActiveCfg = Debug|Any CPU
		{F5EAAB8E-50EA-4A14-9F3B-8BF077C6DD15}.Debug|Any CPU.Build.0 = Debug|Any CPU
		{F5EAAB8E-50EA-4A14-9F3B-8BF077C6DD15}.Release|Any CPU.ActiveCfg = Release|Any CPU
		{F5EAAB8E-50EA-4A14-9F3B-8BF077C6DD15}.Release|Any CPU.Build.0 = Release|Any CPU
		{24553390-1404-46D7-8034-8E3C04DA91B7}.Debug|Any CPU.ActiveCfg = Debug|Any CPU
		{24553390-1404-46D7-8034-8E3C04DA91B7}.Debug|Any CPU.Build.0 = Debug|Any CPU
		{24553390-1404-46D7-8034-8E3C04DA91B7}.Release|Any CPU.ActiveCfg = Release|Any CPU
		{24553390-1404-46D7-8034-8E3C04DA91B7}.Release|Any CPU.Build.0 = Release|Any CPU
	EndGlobalSection
	GlobalSection(SolutionProperties) = preSolution
		HideSolutionNode = FALSE
	EndGlobalSection
	GlobalSection(NestedProjects) = preSolution
		{2D688B58-B5FC-4616-94E6-FE6B2B59A135} = {F8D4AC49-8594-43C8-B651-F4D8AFBC0269}
		{6B32E797-D24E-4B2D-9BBC-46C8C3D52354} = {7F6151DF-6926-48CE-A76E-96B7B4698174}
		{93FA74A3-5988-495C-B391-B88C236D1F4B} = {7F6151DF-6926-48CE-A76E-96B7B4698174}
		{8A1A76FB-A0AD-4FE4-A56E-0A43146BCEDB} = {7F6151DF-6926-48CE-A76E-96B7B4698174}
		{D238B8A9-B16F-46F9-ABEF-70A232181D47} = {9C88FE13-C27A-4548-8C7A-832D17D53BC5}
		{D08C88CE-A4B4-4E3C-AF8F-2EE485A662E8} = {F8D4AC49-8594-43C8-B651-F4D8AFBC0269}
		{2CC4A802-1391-4198-8B1A-8924EC0086FF} = {7F6151DF-6926-48CE-A76E-96B7B4698174}
		{62456C17-885D-41C5-AFA0-320B4FD4A171} = {7F6151DF-6926-48CE-A76E-96B7B4698174}
		{B98B5A47-2073-4B01-9A81-8D2E83220609} = {7F6151DF-6926-48CE-A76E-96B7B4698174}
		{CB260C6A-48F1-4F29-BF3B-6A81831ACC80} = {9C88FE13-C27A-4548-8C7A-832D17D53BC5}
		{F5EAAB8E-50EA-4A14-9F3B-8BF077C6DD15} = {9C88FE13-C27A-4548-8C7A-832D17D53BC5}
		{24553390-1404-46D7-8034-8E3C04DA91B7} = {9C88FE13-C27A-4548-8C7A-832D17D53BC5}
	EndGlobalSection
	GlobalSection(ExtensibilityGlobals) = postSolution
		SolutionGuid = {721989CE-5564-4300-9787-071BA6FE5206}
	EndGlobalSection
EndGlobal
